
Microsoft Visual Studio Solution File, Format Version 12.00
# Visual Studio Version 16
VisualStudioVersion = 16.0.31112.23
MinimumVisualStudioVersion = 10.0.40219.1
Project("{9A19103F-16F7-4668-BE54-9A1E7A4F7556}") = "LogiCommand", "Commander\LogiCommand.csproj", "{14212D82-0EA8-46F0-8C19-E6C74CDB95C0}"
EndProject
Project("{FAE04EC0-301F-11D3-BF4B-00C04F79EFBC}") = "LogiGraphics", "LogiGraphics\LogiGraphics.csproj", "{1DD462EF-0A6C-4CD9-80B8-38DC233F74BF}"
EndProject
Project("{FAE04EC0-301F-11D3-BF4B-00C04F79EFBC}") = "LogitechSDK", "LogitechSDK\LogitechSDK.csproj", "{FC5F9F91-34ED-4DF0-AA0C-E904C220D76C}"
EndProject
Global
	GlobalSection(SolutionConfigurationPlatforms) = preSolution
		Debug|Any CPU = Debug|Any CPU
		Release|Any CPU = Release|Any CPU
	EndGlobalSection
	GlobalSection(ProjectConfigurationPlatforms) = postSolution
		{14212D82-0EA8-46F0-8C19-E6C74CDB95C0}.Debug|Any CPU.ActiveCfg = Debug|Any CPU
		{14212D82-0EA8-46F0-8C19-E6C74CDB95C0}.Debug|Any CPU.Build.0 = Debug|Any CPU
		{14212D82-0EA8-46F0-8C19-E6C74CDB95C0}.Release|Any CPU.ActiveCfg = Release|Any CPU
		{14212D82-0EA8-46F0-8C19-E6C74CDB95C0}.Release|Any CPU.Build.0 = Release|Any CPU
		{1DD462EF-0A6C-4CD9-80B8-38DC233F74BF}.Debug|Any CPU.ActiveCfg = Debug|Any CPU
		{1DD462EF-0A6C-4CD9-80B8-38DC233F74BF}.Debug|Any CPU.Build.0 = Debug|Any CPU
		{1DD462EF-0A6C-4CD9-80B8-38DC233F74BF}.Release|Any CPU.ActiveCfg = Release|Any CPU
		{1DD462EF-0A6C-4CD9-80B8-38DC233F74BF}.Release|Any CPU.Build.0 = Release|Any CPU
		{FC5F9F91-34ED-4DF0-AA0C-E904C220D76C}.Debug|Any CPU.ActiveCfg = Debug|Any CPU
		{FC5F9F91-34ED-4DF0-AA0C-E904C220D76C}.Debug|Any CPU.Build.0 = Debug|Any CPU
		{FC5F9F91-34ED-4DF0-AA0C-E904C220D76C}.Release|Any CPU.ActiveCfg = Release|Any CPU
		{FC5F9F91-34ED-4DF0-AA0C-E904C220D76C}.Release|Any CPU.Build.0 = Release|Any CPU
	EndGlobalSection
	GlobalSection(SolutionProperties) = preSolution
		HideSolutionNode = FALSE
	EndGlobalSection
	GlobalSection(ExtensibilityGlobals) = postSolution
		SolutionGuid = {ABFD5DFF-016D-4A53-B5B6-D3CEDF567420}
	EndGlobalSection
EndGlobal
